
Microsoft Visual Studio Solution File, Format Version 12.00
# Visual Studio 2013
VisualStudioVersion = 12.0.30723.0
MinimumVisualStudioVersion = 10.0.40219.1
Project("{2150E333-8FDC-42A3-9474-1A3956D46DE8}") = "Basic", "Basic", "{77266B27-1A14-4062-B329-A0ADECEC4F04}"
EndProject
Project("{FAE04EC0-301F-11D3-BF4B-00C04F79EFBC}") = "LoadImage", "LoadImage\LoadImage\LoadImage.csproj", "{C3A2E831-0A38-44A4-8BEF-1A53735BC9D2}"
EndProject
Project("{FAE04EC0-301F-11D3-BF4B-00C04F79EFBC}") = "LoadImageProject", "LoadImage\LoadImageProject\LoadImageProject.csproj", "{E0EB0E97-2224-44C8-8D0A-77581130CBE3}"
EndProject
Project("{2150E333-8FDC-42A3-9474-1A3956D46DE8}") = "Load An Image", "Load An Image", "{B90539A2-6B39-46A8-8A81-B0F38B1A40A2}"
EndProject
Project("{2150E333-8FDC-42A3-9474-1A3956D46DE8}") = "Click An Image", "Click An Image", "{1CA6EF51-8241-4EBA-B99D-619AB27816BB}"
EndProject
Project("{FAE04EC0-301F-11D3-BF4B-00C04F79EFBC}") = "ClickImage", "ClickImage\ClickImage\ClickImage.csproj", "{B480BF46-D716-46B1-91EA-B879F2883A72}"
EndProject
Project("{FAE04EC0-301F-11D3-BF4B-00C04F79EFBC}") = "ClickImageProject", "ClickImage\ClickImageProject\ClickImageProject.csproj", "{6AD4C4A8-4292-431B-AF22-F75DF2F89265}"
EndProject
Project("{2150E333-8FDC-42A3-9474-1A3956D46DE8}") = "Move An Image", "Move An Image", "{16F9A360-2341-48C0-81D0-ABDA3E4A2EA2}"
EndProject
Project("{FAE04EC0-301F-11D3-BF4B-00C04F79EFBC}") = "MoveImage", "MoveImage\MoveImage\MoveImage.csproj", "{C6C05128-8C94-4BFE-84B7-78CEEE02346D}"
EndProject
Project("{FAE04EC0-301F-11D3-BF4B-00C04F79EFBC}") = "MoveImageProject", "MoveImage\MoveImageProject\MoveImageProject.csproj", "{104F7272-BFF5-488A-ABEA-50E2C381131A}"
EndProject
Global
	GlobalSection(SolutionConfigurationPlatforms) = preSolution
		Debug|x86 = Debug|x86
		Release|x86 = Release|x86
	EndGlobalSection
	GlobalSection(ProjectConfigurationPlatforms) = postSolution
		{C3A2E831-0A38-44A4-8BEF-1A53735BC9D2}.Debug|x86.ActiveCfg = Debug|x86
		{C3A2E831-0A38-44A4-8BEF-1A53735BC9D2}.Debug|x86.Build.0 = Debug|x86
		{C3A2E831-0A38-44A4-8BEF-1A53735BC9D2}.Release|x86.ActiveCfg = Release|x86
		{C3A2E831-0A38-44A4-8BEF-1A53735BC9D2}.Release|x86.Build.0 = Release|x86
		{E0EB0E97-2224-44C8-8D0A-77581130CBE3}.Debug|x86.ActiveCfg = Debug|x86
		{E0EB0E97-2224-44C8-8D0A-77581130CBE3}.Debug|x86.Build.0 = Debug|x86
		{E0EB0E97-2224-44C8-8D0A-77581130CBE3}.Release|x86.ActiveCfg = Release|x86
		{E0EB0E97-2224-44C8-8D0A-77581130CBE3}.Release|x86.Build.0 = Release|x86
		{B480BF46-D716-46B1-91EA-B879F2883A72}.Debug|x86.ActiveCfg = Debug|x86
		{B480BF46-D716-46B1-91EA-B879F2883A72}.Debug|x86.Build.0 = Debug|x86
		{B480BF46-D716-46B1-91EA-B879F2883A72}.Release|x86.ActiveCfg = Release|x86
		{B480BF46-D716-46B1-91EA-B879F2883A72}.Release|x86.Build.0 = Release|x86
		{6AD4C4A8-4292-431B-AF22-F75DF2F89265}.Debug|x86.ActiveCfg = Debug|x86
		{6AD4C4A8-4292-431B-AF22-F75DF2F89265}.Debug|x86.Build.0 = Debug|x86
		{6AD4C4A8-4292-431B-AF22-F75DF2F89265}.Release|x86.ActiveCfg = Release|x86
		{6AD4C4A8-4292-431B-AF22-F75DF2F89265}.Release|x86.Build.0 = Release|x86
		{C6C05128-8C94-4BFE-84B7-78CEEE02346D}.Debug|x86.ActiveCfg = Debug|x86
		{C6C05128-8C94-4BFE-84B7-78CEEE02346D}.Debug|x86.Build.0 = Debug|x86
		{C6C05128-8C94-4BFE-84B7-78CEEE02346D}.Release|x86.ActiveCfg = Release|x86
		{C6C05128-8C94-4BFE-84B7-78CEEE02346D}.Release|x86.Build.0 = Release|x86
		{104F7272-BFF5-488A-ABEA-50E2C381131A}.Debug|x86.ActiveCfg = Debug|x86
		{104F7272-BFF5-488A-ABEA-50E2C381131A}.Debug|x86.Build.0 = Debug|x86
		{104F7272-BFF5-488A-ABEA-50E2C381131A}.Release|x86.ActiveCfg = Release|x86
		{104F7272-BFF5-488A-ABEA-50E2C381131A}.Release|x86.Build.0 = Release|x86
	EndGlobalSection
	GlobalSection(SolutionProperties) = preSolution
		HideSolutionNode = FALSE
	EndGlobalSection
	GlobalSection(NestedProjects) = preSolution
		{C3A2E831-0A38-44A4-8BEF-1A53735BC9D2} = {B90539A2-6B39-46A8-8A81-B0F38B1A40A2}
		{E0EB0E97-2224-44C8-8D0A-77581130CBE3} = {B90539A2-6B39-46A8-8A81-B0F38B1A40A2}
		{B90539A2-6B39-46A8-8A81-B0F38B1A40A2} = {77266B27-1A14-4062-B329-A0ADECEC4F04}
		{1CA6EF51-8241-4EBA-B99D-619AB27816BB} = {77266B27-1A14-4062-B329-A0ADECEC4F04}
		{B480BF46-D716-46B1-91EA-B879F2883A72} = {1CA6EF51-8241-4EBA-B99D-619AB27816BB}
		{6AD4C4A8-4292-431B-AF22-F75DF2F89265} = {1CA6EF51-8241-4EBA-B99D-619AB27816BB}
		{16F9A360-2341-48C0-81D0-ABDA3E4A2EA2} = {77266B27-1A14-4062-B329-A0ADECEC4F04}
		{C6C05128-8C94-4BFE-84B7-78CEEE02346D} = {16F9A360-2341-48C0-81D0-ABDA3E4A2EA2}
		{104F7272-BFF5-488A-ABEA-50E2C381131A} = {16F9A360-2341-48C0-81D0-ABDA3E4A2EA2}
	EndGlobalSection
EndGlobal
