
Microsoft Visual Studio Solution File, Format Version 12.00
# Visual Studio 2013
VisualStudioVersion = 12.0.30723.0
MinimumVisualStudioVersion = 10.0.40219.1
Project("{2150E333-8FDC-42A3-9474-1A3956D46DE8}") = "Basic", "Basic", "{77266B27-1A14-4062-B329-A0ADECEC4F04}"
EndProject
Project("{FAE04EC0-301F-11D3-BF4B-00C04F79EFBC}") = "LoadImage", "LoadImage\LoadImage\LoadImage.csproj", "{C3A2E831-0A38-44A4-8BEF-1A53735BC9D2}"
EndProject
Project("{FAE04EC0-301F-11D3-BF4B-00C04F79EFBC}") = "LoadImageProject", "LoadImage\LoadImageProject\LoadImageProject.csproj", "{E0EB0E97-2224-44C8-8D0A-77581130CBE3}"
EndProject
Project("{2150E333-8FDC-42A3-9474-1A3956D46DE8}") = "Load An Image", "Load An Image", "{B90539A2-6B39-46A8-8A81-B0F38B1A40A2}"
EndProject
Project("{2150E333-8FDC-42A3-9474-1A3956D46DE8}") = "Click An Image", "Click An Image", "{1CA6EF51-8241-4EBA-B99D-619AB27816BB}"
EndProject
Project("{FAE04EC0-301F-11D3-BF4B-00C04F79EFBC}") = "ClickImage", "ClickImage\ClickImage\ClickImage.csproj", "{B480BF46-D716-46B1-91EA-B879F2883A72}"
EndProject
Project("{FAE04EC0-301F-11D3-BF4B-00C04F79EFBC}") = "ClickImageProject", "ClickImage\ClickImageProject\ClickImageProject.csproj", "{6AD4C4A8-4292-431B-AF22-F75DF2F89265}"
EndProject
Project("{2150E333-8FDC-42A3-9474-1A3956D46DE8}") = "Move An Image", "Move An Image", "{16F9A360-2341-48C0-81D0-ABDA3E4A2EA2}"
EndProject
Project("{FAE04EC0-301F-11D3-BF4B-00C04F79EFBC}") = "MoveImage", "MoveImage\MoveImage\MoveImage.csproj", "{C6C05128-8C94-4BFE-84B7-78CEEE02346D}"
EndProject
Project("{FAE04EC0-301F-11D3-BF4B-00C04F79EFBC}") = "MoveImageProject", "MoveImage\MoveImageProject\MoveImageProject.csproj", "{104F7272-BFF5-488A-ABEA-50E2C381131A}"
EndProject
Project("{2150E333-8FDC-42A3-9474-1A3956D46DE8}") = "Image Follow Mouse", "Image Follow Mouse", "{0B221B4C-911E-4B3C-9110-0A344B419843}"
EndProject
Project("{FAE04EC0-301F-11D3-BF4B-00C04F79EFBC}") = "ImageFollowMouse", "ImageFollowMouse\ImageFollowMouse\ImageFollowMouse.csproj", "{27A6779F-74AF-4A48-B523-B7E5E0C298AA}"
EndProject
Project("{FAE04EC0-301F-11D3-BF4B-00C04F79EFBC}") = "ImageFollowMouseProject", "ImageFollowMouse\ImageFollowMouseProject\ImageFollowMouseProject.csproj", "{0C9C07DF-702A-403E-A0E2-9EEE6B90B048}"
EndProject
Project("{2150E333-8FDC-42A3-9474-1A3956D46DE8}") = "Share", "Share", "{AF1467EB-224D-4E59-8377-FE1CCA59ADA5}"
EndProject
Project("{FAE04EC0-301F-11D3-BF4B-00C04F79EFBC}") = "Share", "Share\Share.csproj", "{BFE34D1B-C3CA-4724-BC9E-727CD9039A73}"
EndProject
Project("{2150E333-8FDC-42A3-9474-1A3956D46DE8}") = "Testing", "Testing", "{D304B266-09BA-4127-8BA5-018A72BEFF92}"
EndProject
Project("{2150E333-8FDC-42A3-9474-1A3956D46DE8}") = "Template test", "Template test", "{4AFA20AA-282B-4648-8E0A-AC8438081F4B}"
EndProject
Project("{FAE04EC0-301F-11D3-BF4B-00C04F79EFBC}") = "TemplateTest", "TemplateTest\TemplateTest\TemplateTest.csproj", "{111C0B22-3CFE-4136-89A3-384D2EEE29B5}"
EndProject
Project("{FAE04EC0-301F-11D3-BF4B-00C04F79EFBC}") = "TemplateTestProject", "TemplateTest\TemplateTestProject\TemplateTestProject.csproj", "{7999FCB0-F7C8-42A3-9F20-B17E54F597C1}"
EndProject
Project("{2150E333-8FDC-42A3-9474-1A3956D46DE8}") = "Load An Animation", "Load An Animation", "{1693A0D0-B512-4837-B639-DA005C377553}"
EndProject
Project("{FAE04EC0-301F-11D3-BF4B-00C04F79EFBC}") = "LoadAnimation", "LoadAnimation\LoadAnimation\LoadAnimation.csproj", "{AFA632E4-D32F-4D33-A7CA-01D477A464EA}"
EndProject
Project("{FAE04EC0-301F-11D3-BF4B-00C04F79EFBC}") = "LoadAnimationProject", "LoadAnimation\LoadAnimationProject\LoadAnimationProject.csproj", "{BADDB734-45C9-42EE-9905-37AC8F1729C2}"
EndProject
Global
	GlobalSection(SolutionConfigurationPlatforms) = preSolution
		Debug|x86 = Debug|x86
		Release|x86 = Release|x86
	EndGlobalSection
	GlobalSection(ProjectConfigurationPlatforms) = postSolution
		{C3A2E831-0A38-44A4-8BEF-1A53735BC9D2}.Debug|x86.ActiveCfg = Debug|x86
		{C3A2E831-0A38-44A4-8BEF-1A53735BC9D2}.Debug|x86.Build.0 = Debug|x86
		{C3A2E831-0A38-44A4-8BEF-1A53735BC9D2}.Release|x86.ActiveCfg = Release|x86
		{C3A2E831-0A38-44A4-8BEF-1A53735BC9D2}.Release|x86.Build.0 = Release|x86
		{E0EB0E97-2224-44C8-8D0A-77581130CBE3}.Debug|x86.ActiveCfg = Debug|x86
		{E0EB0E97-2224-44C8-8D0A-77581130CBE3}.Debug|x86.Build.0 = Debug|x86
		{E0EB0E97-2224-44C8-8D0A-77581130CBE3}.Release|x86.ActiveCfg = Release|x86
		{E0EB0E97-2224-44C8-8D0A-77581130CBE3}.Release|x86.Build.0 = Release|x86
		{B480BF46-D716-46B1-91EA-B879F2883A72}.Debug|x86.ActiveCfg = Debug|x86
		{B480BF46-D716-46B1-91EA-B879F2883A72}.Debug|x86.Build.0 = Debug|x86
		{B480BF46-D716-46B1-91EA-B879F2883A72}.Release|x86.ActiveCfg = Release|x86
		{B480BF46-D716-46B1-91EA-B879F2883A72}.Release|x86.Build.0 = Release|x86
		{6AD4C4A8-4292-431B-AF22-F75DF2F89265}.Debug|x86.ActiveCfg = Debug|x86
		{6AD4C4A8-4292-431B-AF22-F75DF2F89265}.Debug|x86.Build.0 = Debug|x86
		{6AD4C4A8-4292-431B-AF22-F75DF2F89265}.Release|x86.ActiveCfg = Release|x86
		{6AD4C4A8-4292-431B-AF22-F75DF2F89265}.Release|x86.Build.0 = Release|x86
		{C6C05128-8C94-4BFE-84B7-78CEEE02346D}.Debug|x86.ActiveCfg = Debug|x86
		{C6C05128-8C94-4BFE-84B7-78CEEE02346D}.Debug|x86.Build.0 = Debug|x86
		{C6C05128-8C94-4BFE-84B7-78CEEE02346D}.Release|x86.ActiveCfg = Release|x86
		{C6C05128-8C94-4BFE-84B7-78CEEE02346D}.Release|x86.Build.0 = Release|x86
		{104F7272-BFF5-488A-ABEA-50E2C381131A}.Debug|x86.ActiveCfg = Debug|x86
		{104F7272-BFF5-488A-ABEA-50E2C381131A}.Debug|x86.Build.0 = Debug|x86
		{104F7272-BFF5-488A-ABEA-50E2C381131A}.Release|x86.ActiveCfg = Release|x86
		{104F7272-BFF5-488A-ABEA-50E2C381131A}.Release|x86.Build.0 = Release|x86
		{27A6779F-74AF-4A48-B523-B7E5E0C298AA}.Debug|x86.ActiveCfg = Debug|x86
		{27A6779F-74AF-4A48-B523-B7E5E0C298AA}.Debug|x86.Build.0 = Debug|x86
		{27A6779F-74AF-4A48-B523-B7E5E0C298AA}.Release|x86.ActiveCfg = Release|x86
		{27A6779F-74AF-4A48-B523-B7E5E0C298AA}.Release|x86.Build.0 = Release|x86
		{0C9C07DF-702A-403E-A0E2-9EEE6B90B048}.Debug|x86.ActiveCfg = Debug|x86
		{0C9C07DF-702A-403E-A0E2-9EEE6B90B048}.Debug|x86.Build.0 = Debug|x86
		{0C9C07DF-702A-403E-A0E2-9EEE6B90B048}.Release|x86.ActiveCfg = Release|x86
		{0C9C07DF-702A-403E-A0E2-9EEE6B90B048}.Release|x86.Build.0 = Release|x86
		{BFE34D1B-C3CA-4724-BC9E-727CD9039A73}.Debug|x86.ActiveCfg = Debug|x86
		{BFE34D1B-C3CA-4724-BC9E-727CD9039A73}.Debug|x86.Build.0 = Debug|x86
		{BFE34D1B-C3CA-4724-BC9E-727CD9039A73}.Release|x86.ActiveCfg = Release|x86
		{BFE34D1B-C3CA-4724-BC9E-727CD9039A73}.Release|x86.Build.0 = Release|x86
		{111C0B22-3CFE-4136-89A3-384D2EEE29B5}.Debug|x86.ActiveCfg = Debug|x86
		{111C0B22-3CFE-4136-89A3-384D2EEE29B5}.Debug|x86.Build.0 = Debug|x86
		{111C0B22-3CFE-4136-89A3-384D2EEE29B5}.Release|x86.ActiveCfg = Release|x86
		{111C0B22-3CFE-4136-89A3-384D2EEE29B5}.Release|x86.Build.0 = Release|x86
		{7999FCB0-F7C8-42A3-9F20-B17E54F597C1}.Debug|x86.ActiveCfg = Debug|x86
		{7999FCB0-F7C8-42A3-9F20-B17E54F597C1}.Debug|x86.Build.0 = Debug|x86
		{7999FCB0-F7C8-42A3-9F20-B17E54F597C1}.Release|x86.ActiveCfg = Release|x86
		{7999FCB0-F7C8-42A3-9F20-B17E54F597C1}.Release|x86.Build.0 = Release|x86
		{AFA632E4-D32F-4D33-A7CA-01D477A464EA}.Debug|x86.ActiveCfg = Debug|x86
		{AFA632E4-D32F-4D33-A7CA-01D477A464EA}.Debug|x86.Build.0 = Debug|x86
		{AFA632E4-D32F-4D33-A7CA-01D477A464EA}.Release|x86.ActiveCfg = Release|x86
		{AFA632E4-D32F-4D33-A7CA-01D477A464EA}.Release|x86.Build.0 = Release|x86
		{BADDB734-45C9-42EE-9905-37AC8F1729C2}.Debug|x86.ActiveCfg = Debug|x86
		{BADDB734-45C9-42EE-9905-37AC8F1729C2}.Debug|x86.Build.0 = Debug|x86
		{BADDB734-45C9-42EE-9905-37AC8F1729C2}.Release|x86.ActiveCfg = Release|x86
		{BADDB734-45C9-42EE-9905-37AC8F1729C2}.Release|x86.Build.0 = Release|x86
	EndGlobalSection
	GlobalSection(SolutionProperties) = preSolution
		HideSolutionNode = FALSE
	EndGlobalSection
	GlobalSection(NestedProjects) = preSolution
		{C3A2E831-0A38-44A4-8BEF-1A53735BC9D2} = {B90539A2-6B39-46A8-8A81-B0F38B1A40A2}
		{E0EB0E97-2224-44C8-8D0A-77581130CBE3} = {B90539A2-6B39-46A8-8A81-B0F38B1A40A2}
		{B90539A2-6B39-46A8-8A81-B0F38B1A40A2} = {77266B27-1A14-4062-B329-A0ADECEC4F04}
		{1CA6EF51-8241-4EBA-B99D-619AB27816BB} = {77266B27-1A14-4062-B329-A0ADECEC4F04}
		{B480BF46-D716-46B1-91EA-B879F2883A72} = {1CA6EF51-8241-4EBA-B99D-619AB27816BB}
		{6AD4C4A8-4292-431B-AF22-F75DF2F89265} = {1CA6EF51-8241-4EBA-B99D-619AB27816BB}
		{16F9A360-2341-48C0-81D0-ABDA3E4A2EA2} = {77266B27-1A14-4062-B329-A0ADECEC4F04}
		{C6C05128-8C94-4BFE-84B7-78CEEE02346D} = {16F9A360-2341-48C0-81D0-ABDA3E4A2EA2}
		{104F7272-BFF5-488A-ABEA-50E2C381131A} = {16F9A360-2341-48C0-81D0-ABDA3E4A2EA2}
		{0B221B4C-911E-4B3C-9110-0A344B419843} = {77266B27-1A14-4062-B329-A0ADECEC4F04}
		{27A6779F-74AF-4A48-B523-B7E5E0C298AA} = {0B221B4C-911E-4B3C-9110-0A344B419843}
		{0C9C07DF-702A-403E-A0E2-9EEE6B90B048} = {0B221B4C-911E-4B3C-9110-0A344B419843}
		{BFE34D1B-C3CA-4724-BC9E-727CD9039A73} = {AF1467EB-224D-4E59-8377-FE1CCA59ADA5}
		{4AFA20AA-282B-4648-8E0A-AC8438081F4B} = {D304B266-09BA-4127-8BA5-018A72BEFF92}
		{111C0B22-3CFE-4136-89A3-384D2EEE29B5} = {4AFA20AA-282B-4648-8E0A-AC8438081F4B}
		{7999FCB0-F7C8-42A3-9F20-B17E54F597C1} = {4AFA20AA-282B-4648-8E0A-AC8438081F4B}
		{1693A0D0-B512-4837-B639-DA005C377553} = {77266B27-1A14-4062-B329-A0ADECEC4F04}
		{AFA632E4-D32F-4D33-A7CA-01D477A464EA} = {1693A0D0-B512-4837-B639-DA005C377553}
		{BADDB734-45C9-42EE-9905-37AC8F1729C2} = {1693A0D0-B512-4837-B639-DA005C377553}
	EndGlobalSection
EndGlobal
